
Microsoft Visual Studio Solution File, Format Version 12.00
Project("{2150E333-8FDC-42A3-9474-1A3956D46DE8}") = "Data", "Data", "{8AAC0B2C-E8F0-4C42-9E2C-66811839C2DB}"
EndProject
Project("{2150E333-8FDC-42A3-9474-1A3956D46DE8}") = "Services", "Services", "{2471E747-8E2E-46F4-83BC-381CC785D73E}"
EndProject
Project("{2150E333-8FDC-42A3-9474-1A3956D46DE8}") = "Shared", "Shared", "{6E0C9EFE-22C2-4FC7-9308-0C3BE42AB2AA}"
EndProject
Project("{2150E333-8FDC-42A3-9474-1A3956D46DE8}") = "Systems", "Systems", "{DEDCA36E-BF8F-4353-904F-485170BC797A}"
EndProject
Project("{2150E333-8FDC-42A3-9474-1A3956D46DE8}") = "API", "API", "{EAA1B50B-3937-477F-B555-1DDC184BDF1F}"
EndProject
Project("{2150E333-8FDC-42A3-9474-1A3956D46DE8}") = "Worker", "Worker", "{B08DB2A0-FE24-4B85-90D9-04CE0C8E0C9D}"
EndProject
Project("{2150E333-8FDC-42A3-9474-1A3956D46DE8}") = "Client", "Client", "{AFD707B4-29EC-43D0-8D5B-7D01CA77A0D5}"
EndProject
Project("{FAE04EC0-301F-11D3-BF4B-00C04F79EFBC}") = "Welisten.API", "Systems\API\Welisten.API\Welisten.API.csproj", "{C35869AC-5343-4151-A82B-D5AFAC4CB6BA}"
EndProject
Project("{FAE04EC0-301F-11D3-BF4B-00C04F79EFBC}") = "Welisten.Services.Logger", "Services\Welisten.Services.Logger\Welisten.Services.Logger.csproj", "{119C33B9-C6AD-4787-BE0C-5E21B98120BE}"
EndProject
Project("{FAE04EC0-301F-11D3-BF4B-00C04F79EFBC}") = "Welisten.Services.Settings", "Services\Welisten.Services.Settings\Welisten.Services.Settings.csproj", "{2C7673A9-C2A1-4204-9647-105C6DC3D0B5}"
EndProject
Project("{FAE04EC0-301F-11D3-BF4B-00C04F79EFBC}") = "Welisten.Common", "Shared\Welisten.Common\Welisten.Common.csproj", "{A6887042-01A3-461C-9C3A-D9A7002780C0}"
EndProject
Project("{2150E333-8FDC-42A3-9474-1A3956D46DE8}") = "Migrations", "Migrations", "{C7D462F2-C596-40DF-A2DF-17FFBB9E09DC}"
EndProject
Project("{FAE04EC0-301F-11D3-BF4B-00C04F79EFBC}") = "Welisten.Context", "Data\Welisten.Context\Welisten.Context.csproj", "{4B7A4880-F033-44D3-B302-F8915271A838}"
EndProject
Project("{FAE04EC0-301F-11D3-BF4B-00C04F79EFBC}") = "Welisten.Context.Seeder", "Data\Welisten.Context.Seeder\Welisten.Context.Seeder.csproj", "{CFD37899-777E-4154-B637-1079EDD12A9E}"
EndProject
Project("{FAE04EC0-301F-11D3-BF4B-00C04F79EFBC}") = "Welisten.Context.Migrations.MSSQL", "Data\Welisten.Context.Migrations.MSSQL\Welisten.Context.Migrations.MSSQL.csproj", "{135DADC8-1C8B-46F7-B9C9-ED9338B3018F}"
EndProject
Project("{FAE04EC0-301F-11D3-BF4B-00C04F79EFBC}") = "Welisten.Context.Migrations.PgSql", "Data\Welisten.Context.Migrations.PgSql\Welisten.Context.Migrations.PgSql.csproj", "{9AF8BE4D-7CD1-4BB3-89BA-0B0D32749C23}"
EndProject
Project("{FAE04EC0-301F-11D3-BF4B-00C04F79EFBC}") = "Welisten.Context.Migrations.MySql", "Data\Welisten.Context.Migrations.MySql\Welisten.Context.Migrations.MySql.csproj", "{735B9C23-59D8-46F0-ADF8-970F791B36D5}"
EndProject
Project("{FAE04EC0-301F-11D3-BF4B-00C04F79EFBC}") = "Welisten.Context.Entities", "Data\Welisten.Context.Entities\Welisten.Context.Entities.csproj", "{82F6789B-09B2-4659-A73B-4C230ACFF941}"
EndProject
Project("{FAE04EC0-301F-11D3-BF4B-00C04F79EFBC}") = "Welisten.Services.Posts", "Services\Welisten.Services.Posts\Welisten.Services.Posts.csproj", "{6EB9C244-BEF4-4B91-A233-A8B1A333B9F1}"
EndProject
Project("{FAE04EC0-301F-11D3-BF4B-00C04F79EFBC}") = "Welisten.Services.UserAccounts", "Services\Welisten.Services.UserAccounts\Welisten.Services.UserAccounts.csproj", "{0B6B5AED-E8B6-4D30-B495-16DCDDC1F032}"
EndProject
Project("{FAE04EC0-301F-11D3-BF4B-00C04F79EFBC}") = "Welisten.Services.Comments", "Services\Welisten.Services.Comments\Welisten.Services.Comments.csproj", "{98010E44-D706-44CD-AE8D-37CBCB7A0C93}"
EndProject
Project("{FAE04EC0-301F-11D3-BF4B-00C04F79EFBC}") = "Welisten.Client", "Systems\Client\Welisten.Client\Welisten.Client.csproj", "{67514E11-5323-4F0C-8A87-E2A00673D4A9}"
EndProject
Project("{FAE04EC0-301F-11D3-BF4B-00C04F79EFBC}") = "Welisten.Services.Topics", "Services\Welisten.Services.Topics\Welisten.Services.Topics.csproj", "{6821377B-0245-499C-8773-F9E8B0B0621F}"
EndProject
Global
	GlobalSection(SolutionConfigurationPlatforms) = preSolution
		Debug|Any CPU = Debug|Any CPU
		Release|Any CPU = Release|Any CPU
	EndGlobalSection
	GlobalSection(NestedProjects) = preSolution
		{EAA1B50B-3937-477F-B555-1DDC184BDF1F} = {DEDCA36E-BF8F-4353-904F-485170BC797A}
		{B08DB2A0-FE24-4B85-90D9-04CE0C8E0C9D} = {DEDCA36E-BF8F-4353-904F-485170BC797A}
		{AFD707B4-29EC-43D0-8D5B-7D01CA77A0D5} = {DEDCA36E-BF8F-4353-904F-485170BC797A}
		{C35869AC-5343-4151-A82B-D5AFAC4CB6BA} = {EAA1B50B-3937-477F-B555-1DDC184BDF1F}
		{119C33B9-C6AD-4787-BE0C-5E21B98120BE} = {2471E747-8E2E-46F4-83BC-381CC785D73E}
		{2C7673A9-C2A1-4204-9647-105C6DC3D0B5} = {2471E747-8E2E-46F4-83BC-381CC785D73E}
		{A6887042-01A3-461C-9C3A-D9A7002780C0} = {6E0C9EFE-22C2-4FC7-9308-0C3BE42AB2AA}
		{C7D462F2-C596-40DF-A2DF-17FFBB9E09DC} = {8AAC0B2C-E8F0-4C42-9E2C-66811839C2DB}
		{4B7A4880-F033-44D3-B302-F8915271A838} = {8AAC0B2C-E8F0-4C42-9E2C-66811839C2DB}
		{CFD37899-777E-4154-B637-1079EDD12A9E} = {8AAC0B2C-E8F0-4C42-9E2C-66811839C2DB}
		{135DADC8-1C8B-46F7-B9C9-ED9338B3018F} = {C7D462F2-C596-40DF-A2DF-17FFBB9E09DC}
		{9AF8BE4D-7CD1-4BB3-89BA-0B0D32749C23} = {C7D462F2-C596-40DF-A2DF-17FFBB9E09DC}
		{735B9C23-59D8-46F0-ADF8-970F791B36D5} = {C7D462F2-C596-40DF-A2DF-17FFBB9E09DC}
		{82F6789B-09B2-4659-A73B-4C230ACFF941} = {8AAC0B2C-E8F0-4C42-9E2C-66811839C2DB}
		{6EB9C244-BEF4-4B91-A233-A8B1A333B9F1} = {2471E747-8E2E-46F4-83BC-381CC785D73E}
		{0B6B5AED-E8B6-4D30-B495-16DCDDC1F032} = {2471E747-8E2E-46F4-83BC-381CC785D73E}
		{98010E44-D706-44CD-AE8D-37CBCB7A0C93} = {2471E747-8E2E-46F4-83BC-381CC785D73E}
		{67514E11-5323-4F0C-8A87-E2A00673D4A9} = {AFD707B4-29EC-43D0-8D5B-7D01CA77A0D5}
		{6821377B-0245-499C-8773-F9E8B0B0621F} = {2471E747-8E2E-46F4-83BC-381CC785D73E}
	EndGlobalSection
	GlobalSection(ProjectConfigurationPlatforms) = postSolution
		{C35869AC-5343-4151-A82B-D5AFAC4CB6BA}.Debug|Any CPU.ActiveCfg = Debug|Any CPU
		{C35869AC-5343-4151-A82B-D5AFAC4CB6BA}.Debug|Any CPU.Build.0 = Debug|Any CPU
		{C35869AC-5343-4151-A82B-D5AFAC4CB6BA}.Release|Any CPU.ActiveCfg = Release|Any CPU
		{C35869AC-5343-4151-A82B-D5AFAC4CB6BA}.Release|Any CPU.Build.0 = Release|Any CPU
		{119C33B9-C6AD-4787-BE0C-5E21B98120BE}.Debug|Any CPU.ActiveCfg = Debug|Any CPU
		{119C33B9-C6AD-4787-BE0C-5E21B98120BE}.Debug|Any CPU.Build.0 = Debug|Any CPU
		{119C33B9-C6AD-4787-BE0C-5E21B98120BE}.Release|Any CPU.ActiveCfg = Release|Any CPU
		{119C33B9-C6AD-4787-BE0C-5E21B98120BE}.Release|Any CPU.Build.0 = Release|Any CPU
		{2C7673A9-C2A1-4204-9647-105C6DC3D0B5}.Debug|Any CPU.ActiveCfg = Debug|Any CPU
		{2C7673A9-C2A1-4204-9647-105C6DC3D0B5}.Debug|Any CPU.Build.0 = Debug|Any CPU
		{2C7673A9-C2A1-4204-9647-105C6DC3D0B5}.Release|Any CPU.ActiveCfg = Release|Any CPU
		{2C7673A9-C2A1-4204-9647-105C6DC3D0B5}.Release|Any CPU.Build.0 = Release|Any CPU
		{A6887042-01A3-461C-9C3A-D9A7002780C0}.Debug|Any CPU.ActiveCfg = Debug|Any CPU
		{A6887042-01A3-461C-9C3A-D9A7002780C0}.Debug|Any CPU.Build.0 = Debug|Any CPU
		{A6887042-01A3-461C-9C3A-D9A7002780C0}.Release|Any CPU.ActiveCfg = Release|Any CPU
		{A6887042-01A3-461C-9C3A-D9A7002780C0}.Release|Any CPU.Build.0 = Release|Any CPU
		{4B7A4880-F033-44D3-B302-F8915271A838}.Debug|Any CPU.ActiveCfg = Debug|Any CPU
		{4B7A4880-F033-44D3-B302-F8915271A838}.Debug|Any CPU.Build.0 = Debug|Any CPU
		{4B7A4880-F033-44D3-B302-F8915271A838}.Release|Any CPU.ActiveCfg = Release|Any CPU
		{4B7A4880-F033-44D3-B302-F8915271A838}.Release|Any CPU.Build.0 = Release|Any CPU
		{CFD37899-777E-4154-B637-1079EDD12A9E}.Debug|Any CPU.ActiveCfg = Debug|Any CPU
		{CFD37899-777E-4154-B637-1079EDD12A9E}.Debug|Any CPU.Build.0 = Debug|Any CPU
		{CFD37899-777E-4154-B637-1079EDD12A9E}.Release|Any CPU.ActiveCfg = Release|Any CPU
		{CFD37899-777E-4154-B637-1079EDD12A9E}.Release|Any CPU.Build.0 = Release|Any CPU
		{135DADC8-1C8B-46F7-B9C9-ED9338B3018F}.Debug|Any CPU.ActiveCfg = Debug|Any CPU
		{135DADC8-1C8B-46F7-B9C9-ED9338B3018F}.Debug|Any CPU.Build.0 = Debug|Any CPU
		{135DADC8-1C8B-46F7-B9C9-ED9338B3018F}.Release|Any CPU.ActiveCfg = Release|Any CPU
		{135DADC8-1C8B-46F7-B9C9-ED9338B3018F}.Release|Any CPU.Build.0 = Release|Any CPU
		{9AF8BE4D-7CD1-4BB3-89BA-0B0D32749C23}.Debug|Any CPU.ActiveCfg = Debug|Any CPU
		{9AF8BE4D-7CD1-4BB3-89BA-0B0D32749C23}.Debug|Any CPU.Build.0 = Debug|Any CPU
		{9AF8BE4D-7CD1-4BB3-89BA-0B0D32749C23}.Release|Any CPU.ActiveCfg = Release|Any CPU
		{9AF8BE4D-7CD1-4BB3-89BA-0B0D32749C23}.Release|Any CPU.Build.0 = Release|Any CPU
		{735B9C23-59D8-46F0-ADF8-970F791B36D5}.Debug|Any CPU.ActiveCfg = Debug|Any CPU
		{735B9C23-59D8-46F0-ADF8-970F791B36D5}.Debug|Any CPU.Build.0 = Debug|Any CPU
		{735B9C23-59D8-46F0-ADF8-970F791B36D5}.Release|Any CPU.ActiveCfg = Release|Any CPU
		{735B9C23-59D8-46F0-ADF8-970F791B36D5}.Release|Any CPU.Build.0 = Release|Any CPU
		{82F6789B-09B2-4659-A73B-4C230ACFF941}.Debug|Any CPU.ActiveCfg = Debug|Any CPU
		{82F6789B-09B2-4659-A73B-4C230ACFF941}.Debug|Any CPU.Build.0 = Debug|Any CPU
		{82F6789B-09B2-4659-A73B-4C230ACFF941}.Release|Any CPU.ActiveCfg = Release|Any CPU
		{82F6789B-09B2-4659-A73B-4C230ACFF941}.Release|Any CPU.Build.0 = Release|Any CPU
		{6EB9C244-BEF4-4B91-A233-A8B1A333B9F1}.Debug|Any CPU.ActiveCfg = Debug|Any CPU
		{6EB9C244-BEF4-4B91-A233-A8B1A333B9F1}.Debug|Any CPU.Build.0 = Debug|Any CPU
		{6EB9C244-BEF4-4B91-A233-A8B1A333B9F1}.Release|Any CPU.ActiveCfg = Release|Any CPU
		{6EB9C244-BEF4-4B91-A233-A8B1A333B9F1}.Release|Any CPU.Build.0 = Release|Any CPU
		{0B6B5AED-E8B6-4D30-B495-16DCDDC1F032}.Debug|Any CPU.ActiveCfg = Debug|Any CPU
		{0B6B5AED-E8B6-4D30-B495-16DCDDC1F032}.Debug|Any CPU.Build.0 = Debug|Any CPU
		{0B6B5AED-E8B6-4D30-B495-16DCDDC1F032}.Release|Any CPU.ActiveCfg = Release|Any CPU
		{0B6B5AED-E8B6-4D30-B495-16DCDDC1F032}.Release|Any CPU.Build.0 = Release|Any CPU
		{98010E44-D706-44CD-AE8D-37CBCB7A0C93}.Debug|Any CPU.ActiveCfg = Debug|Any CPU
		{98010E44-D706-44CD-AE8D-37CBCB7A0C93}.Debug|Any CPU.Build.0 = Debug|Any CPU
		{98010E44-D706-44CD-AE8D-37CBCB7A0C93}.Release|Any CPU.ActiveCfg = Release|Any CPU
		{98010E44-D706-44CD-AE8D-37CBCB7A0C93}.Release|Any CPU.Build.0 = Release|Any CPU
		{67514E11-5323-4F0C-8A87-E2A00673D4A9}.Debug|Any CPU.ActiveCfg = Debug|Any CPU
		{67514E11-5323-4F0C-8A87-E2A00673D4A9}.Debug|Any CPU.Build.0 = Debug|Any CPU
		{67514E11-5323-4F0C-8A87-E2A00673D4A9}.Release|Any CPU.ActiveCfg = Release|Any CPU
		{67514E11-5323-4F0C-8A87-E2A00673D4A9}.Release|Any CPU.Build.0 = Release|Any CPU
		{6821377B-0245-499C-8773-F9E8B0B0621F}.Debug|Any CPU.ActiveCfg = Debug|Any CPU
		{6821377B-0245-499C-8773-F9E8B0B0621F}.Debug|Any CPU.Build.0 = Debug|Any CPU
		{6821377B-0245-499C-8773-F9E8B0B0621F}.Release|Any CPU.ActiveCfg = Release|Any CPU
		{6821377B-0245-499C-8773-F9E8B0B0621F}.Release|Any CPU.Build.0 = Release|Any CPU
	EndGlobalSection
EndGlobal
